
Microsoft Visual Studio Solution File, Format Version 12.00
# Visual Studio 2013
VisualStudioVersion = 12.0.21005.1
MinimumVisualStudioVersion = 10.0.40219.1
Project("{FAE04EC0-301F-11D3-BF4B-00C04F79EFBC}") = "KataTennis.App", "KataTennis.App\KataTennis.App.csproj", "{A1CB36A6-EF3B-4524-9BD4-AA65DF13E76A}"
EndProject
Project("{FAE04EC0-301F-11D3-BF4B-00C04F79EFBC}") = "KataTennis.Test", "KataTennis.Test\KataTennis.Test.csproj", "{AF8D368A-2EC1-4957-B694-D972865B15B3}"
EndProject
Global
	GlobalSection(SolutionConfigurationPlatforms) = preSolution
		Debug|Any CPU = Debug|Any CPU
		Release|Any CPU = Release|Any CPU
	EndGlobalSection
	GlobalSection(ProjectConfigurationPlatforms) = postSolution
		{A1CB36A6-EF3B-4524-9BD4-AA65DF13E76A}.Debug|Any CPU.ActiveCfg = Debug|Any CPU
		{A1CB36A6-EF3B-4524-9BD4-AA65DF13E76A}.Debug|Any CPU.Build.0 = Debug|Any CPU
		{A1CB36A6-EF3B-4524-9BD4-AA65DF13E76A}.Release|Any CPU.ActiveCfg = Release|Any CPU
		{A1CB36A6-EF3B-4524-9BD4-AA65DF13E76A}.Release|Any CPU.Build.0 = Release|Any CPU
		{AF8D368A-2EC1-4957-B694-D972865B15B3}.Debug|Any CPU.ActiveCfg = Debug|Any CPU
		{AF8D368A-2EC1-4957-B694-D972865B15B3}.Debug|Any CPU.Build.0 = Debug|Any CPU
		{AF8D368A-2EC1-4957-B694-D972865B15B3}.Release|Any CPU.ActiveCfg = Release|Any CPU
		{AF8D368A-2EC1-4957-B694-D972865B15B3}.Release|Any CPU.Build.0 = Release|Any CPU
	EndGlobalSection
	GlobalSection(SolutionProperties) = preSolution
		HideSolutionNode = FALSE
	EndGlobalSection
EndGlobal
